
Microsoft Visual Studio Solution File, Format Version 12.00
# Visual Studio 15
VisualStudioVersion = 15.0.28307.329
MinimumVisualStudioVersion = 10.0.40219.1
Project("{FAE04EC0-301F-11D3-BF4B-00C04F79EFBC}") = "BizHawk.Common", "BizHawk.Common\BizHawk.Common.csproj", "{866F8D13-0678-4FF9-80A4-A3993FD4D8A3}"
EndProject
Project("{FAE04EC0-301F-11D3-BF4B-00C04F79EFBC}") = "BizHawk.Emulation.DiscSystem", "BizHawk.Emulation.DiscSystem\BizHawk.Emulation.DiscSystem.csproj", "{F51946EA-827F-4D82-B841-1F2F6D060312}"
EndProject
Project("{FAE04EC0-301F-11D3-BF4B-00C04F79EFBC}") = "TestApp", "TestApp\TestApp.csproj", "{D77D740A-8E1F-483D-ACA3-BDAF6CBDD069}"
EndProject
Project("{FAE04EC0-301F-11D3-BF4B-00C04F79EFBC}") = "JadHammer.Jad", "JadHammer.Jad\JadHammer.Jad.csproj", "{8913D099-2FB1-4101-B79A-47EE29E301A4}"
EndProject
Global
	GlobalSection(SolutionConfigurationPlatforms) = preSolution
		Debug|Any CPU = Debug|Any CPU
		Debug|x86 = Debug|x86
		Release|Any CPU = Release|Any CPU
		Release|x86 = Release|x86
	EndGlobalSection
	GlobalSection(ProjectConfigurationPlatforms) = postSolution
		{866F8D13-0678-4FF9-80A4-A3993FD4D8A3}.Debug|Any CPU.ActiveCfg = Debug|Any CPU
		{866F8D13-0678-4FF9-80A4-A3993FD4D8A3}.Debug|Any CPU.Build.0 = Debug|Any CPU
		{866F8D13-0678-4FF9-80A4-A3993FD4D8A3}.Debug|x86.ActiveCfg = Debug|Any CPU
		{866F8D13-0678-4FF9-80A4-A3993FD4D8A3}.Debug|x86.Build.0 = Debug|Any CPU
		{866F8D13-0678-4FF9-80A4-A3993FD4D8A3}.Release|Any CPU.ActiveCfg = Release|Any CPU
		{866F8D13-0678-4FF9-80A4-A3993FD4D8A3}.Release|Any CPU.Build.0 = Release|Any CPU
		{866F8D13-0678-4FF9-80A4-A3993FD4D8A3}.Release|x86.ActiveCfg = Release|Any CPU
		{866F8D13-0678-4FF9-80A4-A3993FD4D8A3}.Release|x86.Build.0 = Release|Any CPU
		{F51946EA-827F-4D82-B841-1F2F6D060312}.Debug|Any CPU.ActiveCfg = Debug|Any CPU
		{F51946EA-827F-4D82-B841-1F2F6D060312}.Debug|Any CPU.Build.0 = Debug|Any CPU
		{F51946EA-827F-4D82-B841-1F2F6D060312}.Debug|x86.ActiveCfg = Debug|Any CPU
		{F51946EA-827F-4D82-B841-1F2F6D060312}.Debug|x86.Build.0 = Debug|Any CPU
		{F51946EA-827F-4D82-B841-1F2F6D060312}.Release|Any CPU.ActiveCfg = Release|Any CPU
		{F51946EA-827F-4D82-B841-1F2F6D060312}.Release|Any CPU.Build.0 = Release|Any CPU
		{F51946EA-827F-4D82-B841-1F2F6D060312}.Release|x86.ActiveCfg = Release|Any CPU
		{F51946EA-827F-4D82-B841-1F2F6D060312}.Release|x86.Build.0 = Release|Any CPU
		{D77D740A-8E1F-483D-ACA3-BDAF6CBDD069}.Debug|Any CPU.ActiveCfg = Debug|Any CPU
		{D77D740A-8E1F-483D-ACA3-BDAF6CBDD069}.Debug|Any CPU.Build.0 = Debug|Any CPU
		{D77D740A-8E1F-483D-ACA3-BDAF6CBDD069}.Debug|x86.ActiveCfg = Debug|Any CPU
		{D77D740A-8E1F-483D-ACA3-BDAF6CBDD069}.Debug|x86.Build.0 = Debug|Any CPU
		{D77D740A-8E1F-483D-ACA3-BDAF6CBDD069}.Release|Any CPU.ActiveCfg = Release|Any CPU
		{D77D740A-8E1F-483D-ACA3-BDAF6CBDD069}.Release|Any CPU.Build.0 = Release|Any CPU
		{D77D740A-8E1F-483D-ACA3-BDAF6CBDD069}.Release|x86.ActiveCfg = Release|Any CPU
		{D77D740A-8E1F-483D-ACA3-BDAF6CBDD069}.Release|x86.Build.0 = Release|Any CPU
		{8913D099-2FB1-4101-B79A-47EE29E301A4}.Debug|Any CPU.ActiveCfg = Debug|Any CPU
		{8913D099-2FB1-4101-B79A-47EE29E301A4}.Debug|Any CPU.Build.0 = Debug|Any CPU
		{8913D099-2FB1-4101-B79A-47EE29E301A4}.Debug|x86.ActiveCfg = Debug|x86
		{8913D099-2FB1-4101-B79A-47EE29E301A4}.Debug|x86.Build.0 = Debug|x86
		{8913D099-2FB1-4101-B79A-47EE29E301A4}.Release|Any CPU.ActiveCfg = Release|Any CPU
		{8913D099-2FB1-4101-B79A-47EE29E301A4}.Release|Any CPU.Build.0 = Release|Any CPU
		{8913D099-2FB1-4101-B79A-47EE29E301A4}.Release|x86.ActiveCfg = Release|x86
		{8913D099-2FB1-4101-B79A-47EE29E301A4}.Release|x86.Build.0 = Release|x86
	EndGlobalSection
	GlobalSection(SolutionProperties) = preSolution
		HideSolutionNode = FALSE
	EndGlobalSection
	GlobalSection(ExtensibilityGlobals) = postSolution
		SolutionGuid = {E65D5159-0C29-4108-8699-7896DA132CE4}
	EndGlobalSection
EndGlobal
