<?xml version="1.0" encoding="utf-8"?>
<Project ToolsVersion="4.0" xmlns="http://schemas.microsoft.com/developer/msbuild/2003">
  <ItemGroup>
    <ClInclude Include="..\..\libjad\jad.h" />
    <ClInclude Include="..\..\libjad\jadcodec_heatshrink.h" />
    <ClInclude Include="..\..\libjad\jadq.h" />
    <ClInclude Include="..\..\libjad\jadstd.h" />
    <ClInclude Include="..\..\libjad\jadtest.h" />
    <ClInclude Include="..\..\libjad\heatshrink\heatshrink_config.h">
      <Filter>heatshrink</Filter>
    </ClInclude>
    <ClInclude Include="..\..\libjad\heatshrink\heatshrink_decoder.h">
      <Filter>heatshrink</Filter>
    </ClInclude>
    <ClInclude Include="..\..\libjad\heatshrink\heatshrink_encoder.h">
      <Filter>heatshrink</Filter>
    </ClInclude>
    <ClInclude Include="..\..\libjad\heatshrink\heatshrink_common.h">
      <Filter>heatshrink</Filter>
    </ClInclude>
  </ItemGroup>
  <ItemGroup>
    <ClCompile Include="..\..\libjad\jadcodec_heatshrink.c" />
    <ClCompile Include="..\..\libjad\jadq.c" />
    <ClCompile Include="..\..\libjad\jadstd.c" />
    <ClCompile Include="..\..\libjad\jadtest.c" />
    <ClCompile Include="..\..\libjad\jad.c" />
    <ClCompile Include="..\..\libjad\heatshrink\heatshrink_decoder.c">
      <Filter>heatshrink</Filter>
    </ClCompile>
    <ClCompile Include="..\..\libjad\heatshrink\heatsink_encoder.c">
      <Filter>heatshrink</Filter>
    </ClCompile>
  </ItemGroup>
  <ItemGroup>
    <Filter Include="heatshrink">
      <UniqueIdentifier>{016154e2-80c7-40cb-9a3e-bcf33133b38c}</UniqueIdentifier>
    </Filter>
  </ItemGroup>
</Project>