<?xml version="1.0" encoding="utf-8"?>
<Project ToolsVersion="4.0" xmlns="http://schemas.microsoft.com/developer/msbuild/2003">
  <ItemGroup>
    <ClCompile Include="msvc_hacks\msvc_cpp.cpp">
      <Filter>msvc_hacks</Filter>
    </ClCompile>
    <ClCompile Include="msvc_hacks\msvc_c.c">
      <Filter>msvc_hacks</Filter>
    </ClCompile>
    <ClCompile Include="..\..\jadtool\jadtool.cpp" />
    <ClCompile Include="..\..\jadtool\api_libmirage.cpp" />
    <ClCompile Include="..\..\jadtool\api_libjadvac.cpp" />
  </ItemGroup>
  <ItemGroup>
    <Filter Include="msvc_hacks">
      <UniqueIdentifier>{9f60b4d7-7edf-4dec-99fc-d9f139b58c6c}</UniqueIdentifier>
    </Filter>
  </ItemGroup>
  <ItemGroup>
    <ClInclude Include="..\..\jadtool\ProgressManager.h" />
    <ClInclude Include="..\..\jadtool\jadtool.h" />
  </ItemGroup>
</Project>